// !$*UTF8*$!
{
	archiveVersion = 1;
	classes = {
	};
	objectVersion = 56;
	objects = {

/* Begin PBXBuildFile section */
		40BFBF1B2C45AA5E002C597B /* OrbitApp.swift in Sources */ = {isa = PBXBuildFile; fileRef = 40BFBF1A2C45AA5E002C597B /* OrbitApp.swift */; };
		40BFBF1D2C45AA5E002C597B /* ContentView.swift in Sources */ = {isa = PBXBuildFile; fileRef = 40BFBF1C2C45AA5E002C597B /* ContentView.swift */; };
		40BFBF1F2C45AA5E002C597B /* Item.swift in Sources */ = {isa = PBXBuildFile; fileRef = 40BFBF1E2C45AA5E002C597B /* Item.swift */; };
		40BFBF212C45AA61002C597B /* Assets.xcassets in Resources */ = {isa = PBXBuildFile; fileRef = 40BFBF202C45AA61002C597B /* Assets.xcassets */; };
		40BFBF242C45AA61002C597B /* Preview Assets.xcassets in Resources */ = {isa = PBXBuildFile; fileRef = 40BFBF232C45AA61002C597B /* Preview Assets.xcassets */; };
		40BFBF2E2C45AA61002C597B /* OrbitTests.swift in Sources */ = {isa = PBXBuildFile; fileRef = 40BFBF2D2C45AA61002C597B /* OrbitTests.swift */; };
		40BFBF382C45AA61002C597B /* OrbitUITests.swift in Sources */ = {isa = PBXBuildFile; fileRef = 40BFBF372C45AA61002C597B /* OrbitUITests.swift */; };
		40BFBF3A2C45AA61002C597B /* OrbitUITestsLaunchTests.swift in Sources */ = {isa = PBXBuildFile; fileRef = 40BFBF392C45AA61002C597B /* OrbitUITestsLaunchTests.swift */; };
		40BFBF4C2C45CE44002C597B /* RegisterView.swift in Sources */ = {isa = PBXBuildFile; fileRef = 40BFBF4B2C45CE44002C597B /* RegisterView.swift */; };
		40BFBF4E2C45D882002C597B /* ColorExtension.swift in Sources */ = {isa = PBXBuildFile; fileRef = 40BFBF4D2C45D882002C597B /* ColorExtension.swift */; };
/* End PBXBuildFile section */

/* Begin PBXContainerItemProxy section */
		40BFBF2A2C45AA61002C597B /* PBXContainerItemProxy */ = {
			isa = PBXContainerItemProxy;
			containerPortal = 40BFBF0F2C45AA5E002C597B /* Project object */;
			proxyType = 1;
			remoteGlobalIDString = 40BFBF162C45AA5E002C597B;
			remoteInfo = Orbit;
		};
		40BFBF342C45AA61002C597B /* PBXContainerItemProxy */ = {
			isa = PBXContainerItemProxy;
			containerPortal = 40BFBF0F2C45AA5E002C597B /* Project object */;
			proxyType = 1;
			remoteGlobalIDString = 40BFBF162C45AA5E002C597B;
			remoteInfo = Orbit;
		};
/* End PBXContainerItemProxy section */

/* Begin PBXFileReference section */
		40BFBF172C45AA5E002C597B /* Orbit.app */ = {isa = PBXFileReference; explicitFileType = wrapper.application; includeInIndex = 0; path = Orbit.app; sourceTree = BUILT_PRODUCTS_DIR; };
		40BFBF1A2C45AA5E002C597B /* OrbitApp.swift */ = {isa = PBXFileReference; lastKnownFileType = sourcecode.swift; path = OrbitApp.swift; sourceTree = "<group>"; };
		40BFBF1C2C45AA5E002C597B /* ContentView.swift */ = {isa = PBXFileReference; lastKnownFileType = sourcecode.swift; path = ContentView.swift; sourceTree = "<group>"; };
		40BFBF1E2C45AA5E002C597B /* Item.swift */ = {isa = PBXFileReference; lastKnownFileType = sourcecode.swift; path = Item.swift; sourceTree = "<group>"; };
		40BFBF202C45AA61002C597B /* Assets.xcassets */ = {isa = PBXFileReference; lastKnownFileType = folder.assetcatalog; path = Assets.xcassets; sourceTree = "<group>"; };
		40BFBF232C45AA61002C597B /* Preview Assets.xcassets */ = {isa = PBXFileReference; lastKnownFileType = folder.assetcatalog; path = "Preview Assets.xcassets"; sourceTree = "<group>"; };
		40BFBF292C45AA61002C597B /* OrbitTests.xctest */ = {isa = PBXFileReference; explicitFileType = wrapper.cfbundle; includeInIndex = 0; path = OrbitTests.xctest; sourceTree = BUILT_PRODUCTS_DIR; };
		40BFBF2D2C45AA61002C597B /* OrbitTests.swift */ = {isa = PBXFileReference; lastKnownFileType = sourcecode.swift; path = OrbitTests.swift; sourceTree = "<group>"; };
		40BFBF332C45AA61002C597B /* OrbitUITests.xctest */ = {isa = PBXFileReference; explicitFileType = wrapper.cfbundle; includeInIndex = 0; path = OrbitUITests.xctest; sourceTree = BUILT_PRODUCTS_DIR; };
		40BFBF372C45AA61002C597B /* OrbitUITests.swift */ = {isa = PBXFileReference; lastKnownFileType = sourcecode.swift; path = OrbitUITests.swift; sourceTree = "<group>"; };
		40BFBF392C45AA61002C597B /* OrbitUITestsLaunchTests.swift */ = {isa = PBXFileReference; lastKnownFileType = sourcecode.swift; path = OrbitUITestsLaunchTests.swift; sourceTree = "<group>"; };
		40BFBF4B2C45CE44002C597B /* RegisterView.swift */ = {isa = PBXFileReference; lastKnownFileType = sourcecode.swift; path = RegisterView.swift; sourceTree = "<group>"; };
		40BFBF4D2C45D882002C597B /* ColorExtension.swift */ = {isa = PBXFileReference; lastKnownFileType = sourcecode.swift; path = ColorExtension.swift; sourceTree = "<group>"; };
/* End PBXFileReference section */

/* Begin PBXFrameworksBuildPhase section */
		40BFBF142C45AA5E002C597B /* Frameworks */ = {
			isa = PBXFrameworksBuildPhase;
			buildActionMask = 2147483647;
			files = (
			);
			runOnlyForDeploymentPostprocessing = 0;
		};
		40BFBF262C45AA61002C597B /* Frameworks */ = {
			isa = PBXFrameworksBuildPhase;
			buildActionMask = 2147483647;
			files = (
			);
			runOnlyForDeploymentPostprocessing = 0;
		};
		40BFBF302C45AA61002C597B /* Frameworks */ = {
			isa = PBXFrameworksBuildPhase;
			buildActionMask = 2147483647;
			files = (
			);
			runOnlyForDeploymentPostprocessing = 0;
		};
/* End PBXFrameworksBuildPhase section */

/* Begin PBXGroup section */
		40BFBF0E2C45AA5E002C597B = {
			isa = PBXGroup;
			children = (
				40BFBF192C45AA5E002C597B /* Orbit */,
				40BFBF2C2C45AA61002C597B /* OrbitTests */,
				40BFBF362C45AA61002C597B /* OrbitUITests */,
				40BFBF182C45AA5E002C597B /* Products */,
			);
			sourceTree = "<group>";
		};
		40BFBF182C45AA5E002C597B /* Products */ = {
			isa = PBXGroup;
			children = (
				40BFBF172C45AA5E002C597B /* Orbit.app */,
				40BFBF292C45AA61002C597B /* OrbitTests.xctest */,
				40BFBF332C45AA61002C597B /* OrbitUITests.xctest */,
			);
			name = Products;
			sourceTree = "<group>";
		};
		40BFBF192C45AA5E002C597B /* Orbit */ = {
			isa = PBXGroup;
			children = (
				40BFBF492C45CB6F002C597B /* Other */,
				40BFBF482C45CB67002C597B /* Models */,
				40BFBF472C45CB4F002C597B /* ViewModels */,
				40BFBF462C45CB45002C597B /* Views */,
				40BFBF222C45AA61002C597B /* Preview Content */,
			);
			path = Orbit;
			sourceTree = "<group>";
		};
		40BFBF222C45AA61002C597B /* Preview Content */ = {
			isa = PBXGroup;
			children = (
				40BFBF232C45AA61002C597B /* Preview Assets.xcassets */,
			);
			path = "Preview Content";
			sourceTree = "<group>";
		};
		40BFBF2C2C45AA61002C597B /* OrbitTests */ = {
			isa = PBXGroup;
			children = (
				40BFBF2D2C45AA61002C597B /* OrbitTests.swift */,
			);
			path = OrbitTests;
			sourceTree = "<group>";
		};
		40BFBF362C45AA61002C597B /* OrbitUITests */ = {
			isa = PBXGroup;
			children = (
				40BFBF372C45AA61002C597B /* OrbitUITests.swift */,
				40BFBF392C45AA61002C597B /* OrbitUITestsLaunchTests.swift */,
			);
			path = OrbitUITests;
			sourceTree = "<group>";
		};
		40BFBF462C45CB45002C597B /* Views */ = {
			isa = PBXGroup;
			children = (
				40BFBF1C2C45AA5E002C597B /* ContentView.swift */,
				40BFBF4B2C45CE44002C597B /* RegisterView.swift */,
			);
			path = Views;
			sourceTree = "<group>";
		};
		40BFBF472C45CB4F002C597B /* ViewModels */ = {
			isa = PBXGroup;
			children = (
			);
			path = ViewModels;
			sourceTree = "<group>";
		};
		40BFBF482C45CB67002C597B /* Models */ = {
			isa = PBXGroup;
			children = (
				40BFBF1E2C45AA5E002C597B /* Item.swift */,
			);
			path = Models;
			sourceTree = "<group>";
		};
		40BFBF492C45CB6F002C597B /* Other */ = {
			isa = PBXGroup;
			children = (
				40BFBF202C45AA61002C597B /* Assets.xcassets */,
				40BFBF1A2C45AA5E002C597B /* OrbitApp.swift */,
				40BFBF4D2C45D882002C597B /* ColorExtension.swift */,
			);
			path = Other;
			sourceTree = "<group>";
		};
/* End PBXGroup section */

/* Begin PBXNativeTarget section */
		40BFBF162C45AA5E002C597B /* Orbit */ = {
			isa = PBXNativeTarget;
			buildConfigurationList = 40BFBF3D2C45AA61002C597B /* Build configuration list for PBXNativeTarget "Orbit" */;
			buildPhases = (
				40BFBF132C45AA5E002C597B /* Sources */,
				40BFBF142C45AA5E002C597B /* Frameworks */,
				40BFBF152C45AA5E002C597B /* Resources */,
			);
			buildRules = (
			);
			dependencies = (
			);
			name = Orbit;
			productName = Orbit;
			productReference = 40BFBF172C45AA5E002C597B /* Orbit.app */;
			productType = "com.apple.product-type.application";
		};
		40BFBF282C45AA61002C597B /* OrbitTests */ = {
			isa = PBXNativeTarget;
			buildConfigurationList = 40BFBF402C45AA61002C597B /* Build configuration list for PBXNativeTarget "OrbitTests" */;
			buildPhases = (
				40BFBF252C45AA61002C597B /* Sources */,
				40BFBF262C45AA61002C597B /* Frameworks */,
				40BFBF272C45AA61002C597B /* Resources */,
			);
			buildRules = (
			);
			dependencies = (
				40BFBF2B2C45AA61002C597B /* PBXTargetDependency */,
			);
			name = OrbitTests;
			productName = OrbitTests;
			productReference = 40BFBF292C45AA61002C597B /* OrbitTests.xctest */;
			productType = "com.apple.product-type.bundle.unit-test";
		};
		40BFBF322C45AA61002C597B /* OrbitUITests */ = {
			isa = PBXNativeTarget;
			buildConfigurationList = 40BFBF432C45AA61002C597B /* Build configuration list for PBXNativeTarget "OrbitUITests" */;
			buildPhases = (
				40BFBF2F2C45AA61002C597B /* Sources */,
				40BFBF302C45AA61002C597B /* Frameworks */,
				40BFBF312C45AA61002C597B /* Resources */,
			);
			buildRules = (
			);
			dependencies = (
				40BFBF352C45AA61002C597B /* PBXTargetDependency */,
			);
			name = OrbitUITests;
			productName = OrbitUITests;
			productReference = 40BFBF332C45AA61002C597B /* OrbitUITests.xctest */;
			productType = "com.apple.product-type.bundle.ui-testing";
		};
/* End PBXNativeTarget section */

/* Begin PBXProject section */
		40BFBF0F2C45AA5E002C597B /* Project object */ = {
			isa = PBXProject;
			attributes = {
				BuildIndependentTargetsInParallel = 1;
				LastSwiftUpdateCheck = 1540;
				LastUpgradeCheck = 1540;
				TargetAttributes = {
					40BFBF162C45AA5E002C597B = {
						CreatedOnToolsVersion = 15.4;
					};
					40BFBF282C45AA61002C597B = {
						CreatedOnToolsVersion = 15.4;
						TestTargetID = 40BFBF162C45AA5E002C597B;
					};
					40BFBF322C45AA61002C597B = {
						CreatedOnToolsVersion = 15.4;
						TestTargetID = 40BFBF162C45AA5E002C597B;
					};
				};
			};
			buildConfigurationList = 40BFBF122C45AA5E002C597B /* Build configuration list for PBXProject "Orbit" */;
			compatibilityVersion = "Xcode 14.0";
			developmentRegion = en;
			hasScannedForEncodings = 0;
			knownRegions = (
				en,
				Base,
			);
			mainGroup = 40BFBF0E2C45AA5E002C597B;
			packageReferences = (
				40BFBF4A2C45CCD0002C597B /* XCRemoteSwiftPackageReference "firebase-ios-sdk" */,
			);
			productRefGroup = 40BFBF182C45AA5E002C597B /* Products */;
			projectDirPath = "";
			projectRoot = "";
			targets = (
				40BFBF162C45AA5E002C597B /* Orbit */,
				40BFBF282C45AA61002C597B /* OrbitTests */,
				40BFBF322C45AA61002C597B /* OrbitUITests */,
			);
		};
/* End PBXProject section */

/* Begin PBXResourcesBuildPhase section */
		40BFBF152C45AA5E002C597B /* Resources */ = {
			isa = PBXResourcesBuildPhase;
			buildActionMask = 2147483647;
			files = (
				40BFBF242C45AA61002C597B /* Preview Assets.xcassets in Resources */,
				40BFBF212C45AA61002C597B /* Assets.xcassets in Resources */,
			);
			runOnlyForDeploymentPostprocessing = 0;
		};
		40BFBF272C45AA61002C597B /* Resources */ = {
			isa = PBXResourcesBuildPhase;
			buildActionMask = 2147483647;
			files = (
			);
			runOnlyForDeploymentPostprocessing = 0;
		};
		40BFBF312C45AA61002C597B /* Resources */ = {
			isa = PBXResourcesBuildPhase;
			buildActionMask = 2147483647;
			files = (
			);
			runOnlyForDeploymentPostprocessing = 0;
		};
/* End PBXResourcesBuildPhase section */

/* Begin PBXSourcesBuildPhase section */
		40BFBF132C45AA5E002C597B /* Sources */ = {
			isa = PBXSourcesBuildPhase;
			buildActionMask = 2147483647;
			files = (
				40BFBF1D2C45AA5E002C597B /* ContentView.swift in Sources */,
				40BFBF4C2C45CE44002C597B /* RegisterView.swift in Sources */,
				40BFBF1F2C45AA5E002C597B /* Item.swift in Sources */,
				40BFBF1B2C45AA5E002C597B /* OrbitApp.swift in Sources */,
				40BFBF4E2C45D882002C597B /* ColorExtension.swift in Sources */,
			);
			runOnlyForDeploymentPostprocessing = 0;
		};
		40BFBF252C45AA61002C597B /* Sources */ = {
			isa = PBXSourcesBuildPhase;
			buildActionMask = 2147483647;
			files = (
				40BFBF2E2C45AA61002C597B /* OrbitTests.swift in Sources */,
			);
			runOnlyForDeploymentPostprocessing = 0;
		};
		40BFBF2F2C45AA61002C597B /* Sources */ = {
			isa = PBXSourcesBuildPhase;
			buildActionMask = 2147483647;
			files = (
				40BFBF382C45AA61002C597B /* OrbitUITests.swift in Sources */,
				40BFBF3A2C45AA61002C597B /* OrbitUITestsLaunchTests.swift in Sources */,
			);
			runOnlyForDeploymentPostprocessing = 0;
		};
/* End PBXSourcesBuildPhase section */

/* Begin PBXTargetDependency section */
		40BFBF2B2C45AA61002C597B /* PBXTargetDependency */ = {
			isa = PBXTargetDependency;
			target = 40BFBF162C45AA5E002C597B /* Orbit */;
			targetProxy = 40BFBF2A2C45AA61002C597B /* PBXContainerItemProxy */;
		};
		40BFBF352C45AA61002C597B /* PBXTargetDependency */ = {
			isa = PBXTargetDependency;
			target = 40BFBF162C45AA5E002C597B /* Orbit */;
			targetProxy = 40BFBF342C45AA61002C597B /* PBXContainerItemProxy */;
		};
/* End PBXTargetDependency section */

/* Begin XCBuildConfiguration section */
		40BFBF3B2C45AA61002C597B /* Debug */ = {
			isa = XCBuildConfiguration;
			buildSettings = {
				ALWAYS_SEARCH_USER_PATHS = NO;
				ASSETCATALOG_COMPILER_GENERATE_SWIFT_ASSET_SYMBOL_EXTENSIONS = YES;
				CLANG_ANALYZER_NONNULL = YES;
				CLANG_ANALYZER_NUMBER_OBJECT_CONVERSION = YES_AGGRESSIVE;
				CLANG_CXX_LANGUAGE_STANDARD = "gnu++20";
				CLANG_ENABLE_MODULES = YES;
				CLANG_ENABLE_OBJC_ARC = YES;
				CLANG_ENABLE_OBJC_WEAK = YES;
				CLANG_WARN_BLOCK_CAPTURE_AUTORELEASING = YES;
				CLANG_WARN_BOOL_CONVERSION = YES;
				CLANG_WARN_COMMA = YES;
				CLANG_WARN_CONSTANT_CONVERSION = YES;
				CLANG_WARN_DEPRECATED_OBJC_IMPLEMENTATIONS = YES;
				CLANG_WARN_DIRECT_OBJC_ISA_USAGE = YES_ERROR;
				CLANG_WARN_DOCUMENTATION_COMMENTS = YES;
				CLANG_WARN_EMPTY_BODY = YES;
				CLANG_WARN_ENUM_CONVERSION = YES;
				CLANG_WARN_INFINITE_RECURSION = YES;
				CLANG_WARN_INT_CONVERSION = YES;
				CLANG_WARN_NON_LITERAL_NULL_CONVERSION = YES;
				CLANG_WARN_OBJC_IMPLICIT_RETAIN_SELF = YES;
				CLANG_WARN_OBJC_LITERAL_CONVERSION = YES;
				CLANG_WARN_OBJC_ROOT_CLASS = YES_ERROR;
				CLANG_WARN_QUOTED_INCLUDE_IN_FRAMEWORK_HEADER = YES;
				CLANG_WARN_RANGE_LOOP_ANALYSIS = YES;
				CLANG_WARN_STRICT_PROTOTYPES = YES;
				CLANG_WARN_SUSPICIOUS_MOVE = YES;
				CLANG_WARN_UNGUARDED_AVAILABILITY = YES_AGGRESSIVE;
				CLANG_WARN_UNREACHABLE_CODE = YES;
				CLANG_WARN__DUPLICATE_METHOD_MATCH = YES;
				COPY_PHASE_STRIP = NO;
				DEBUG_INFORMATION_FORMAT = dwarf;
				ENABLE_STRICT_OBJC_MSGSEND = YES;
				ENABLE_TESTABILITY = YES;
				ENABLE_USER_SCRIPT_SANDBOXING = YES;
				GCC_C_LANGUAGE_STANDARD = gnu17;
				GCC_DYNAMIC_NO_PIC = NO;
				GCC_NO_COMMON_BLOCKS = YES;
				GCC_OPTIMIZATION_LEVEL = 0;
				GCC_PREPROCESSOR_DEFINITIONS = (
					"DEBUG=1",
					"$(inherited)",
				);
				GCC_WARN_64_TO_32_BIT_CONVERSION = YES;
				GCC_WARN_ABOUT_RETURN_TYPE = YES_ERROR;
				GCC_WARN_UNDECLARED_SELECTOR = YES;
				GCC_WARN_UNINITIALIZED_AUTOS = YES_AGGRESSIVE;
				GCC_WARN_UNUSED_FUNCTION = YES;
				GCC_WARN_UNUSED_VARIABLE = YES;
				IPHONEOS_DEPLOYMENT_TARGET = 17.5;
				LOCALIZATION_PREFERS_STRING_CATALOGS = YES;
				MTL_ENABLE_DEBUG_INFO = INCLUDE_SOURCE;
				MTL_FAST_MATH = YES;
				ONLY_ACTIVE_ARCH = YES;
				SDKROOT = iphoneos;
				SWIFT_ACTIVE_COMPILATION_CONDITIONS = "DEBUG $(inherited)";
				SWIFT_OPTIMIZATION_LEVEL = "-Onone";
			};
			name = Debug;
		};
		40BFBF3C2C45AA61002C597B /* Release */ = {
			isa = XCBuildConfiguration;
			buildSettings = {
				ALWAYS_SEARCH_USER_PATHS = NO;
				ASSETCATALOG_COMPILER_GENERATE_SWIFT_ASSET_SYMBOL_EXTENSIONS = YES;
				CLANG_ANALYZER_NONNULL = YES;
				CLANG_ANALYZER_NUMBER_OBJECT_CONVERSION = YES_AGGRESSIVE;
				CLANG_CXX_LANGUAGE_STANDARD = "gnu++20";
				CLANG_ENABLE_MODULES = YES;
				CLANG_ENABLE_OBJC_ARC = YES;
				CLANG_ENABLE_OBJC_WEAK = YES;
				CLANG_WARN_BLOCK_CAPTURE_AUTORELEASING = YES;
				CLANG_WARN_BOOL_CONVERSION = YES;
				CLANG_WARN_COMMA = YES;
				CLANG_WARN_CONSTANT_CONVERSION = YES;
				CLANG_WARN_DEPRECATED_OBJC_IMPLEMENTATIONS = YES;
				CLANG_WARN_DIRECT_OBJC_ISA_USAGE = YES_ERROR;
				CLANG_WARN_DOCUMENTATION_COMMENTS = YES;
				CLANG_WARN_EMPTY_BODY = YES;
				CLANG_WARN_ENUM_CONVERSION = YES;
				CLANG_WARN_INFINITE_RECURSION = YES;
				CLANG_WARN_INT_CONVERSION = YES;
				CLANG_WARN_NON_LITERAL_NULL_CONVERSION = YES;
				CLANG_WARN_OBJC_IMPLICIT_RETAIN_SELF = YES;
				CLANG_WARN_OBJC_LITERAL_CONVERSION = YES;
				CLANG_WARN_OBJC_ROOT_CLASS = YES_ERROR;
				CLANG_WARN_QUOTED_INCLUDE_IN_FRAMEWORK_HEADER = YES;
				CLANG_WARN_RANGE_LOOP_ANALYSIS = YES;
				CLANG_WARN_STRICT_PROTOTYPES = YES;
				CLANG_WARN_SUSPICIOUS_MOVE = YES;
				CLANG_WARN_UNGUARDED_AVAILABILITY = YES_AGGRESSIVE;
				CLANG_WARN_UNREACHABLE_CODE = YES;
				CLANG_WARN__DUPLICATE_METHOD_MATCH = YES;
				COPY_PHASE_STRIP = NO;
				DEBUG_INFORMATION_FORMAT = "dwarf-with-dsym";
				ENABLE_NS_ASSERTIONS = NO;
				ENABLE_STRICT_OBJC_MSGSEND = YES;
				ENABLE_USER_SCRIPT_SANDBOXING = YES;
				GCC_C_LANGUAGE_STANDARD = gnu17;
				GCC_NO_COMMON_BLOCKS = YES;
				GCC_WARN_64_TO_32_BIT_CONVERSION = YES;
				GCC_WARN_ABOUT_RETURN_TYPE = YES_ERROR;
				GCC_WARN_UNDECLARED_SELECTOR = YES;
				GCC_WARN_UNINITIALIZED_AUTOS = YES_AGGRESSIVE;
				GCC_WARN_UNUSED_FUNCTION = YES;
				GCC_WARN_UNUSED_VARIABLE = YES;
				IPHONEOS_DEPLOYMENT_TARGET = 17.5;
				LOCALIZATION_PREFERS_STRING_CATALOGS = YES;
				MTL_ENABLE_DEBUG_INFO = NO;
				MTL_FAST_MATH = YES;
				SDKROOT = iphoneos;
				SWIFT_COMPILATION_MODE = wholemodule;
				VALIDATE_PRODUCT = YES;
			};
			name = Release;
		};
		40BFBF3E2C45AA61002C597B /* Debug */ = {
			isa = XCBuildConfiguration;
			buildSettings = {
				ASSETCATALOG_COMPILER_APPICON_NAME = AppIcon;
				ASSETCATALOG_COMPILER_GLOBAL_ACCENT_COLOR_NAME = AccentColor;
				CODE_SIGN_STYLE = Automatic;
				CURRENT_PROJECT_VERSION = 1;
				DEVELOPMENT_ASSET_PATHS = "\"Orbit/Preview Content\"";
				ENABLE_PREVIEWS = YES;
				GENERATE_INFOPLIST_FILE = YES;
				INFOPLIST_KEY_UIApplicationSceneManifest_Generation = YES;
				INFOPLIST_KEY_UIApplicationSupportsIndirectInputEvents = YES;
				INFOPLIST_KEY_UILaunchScreen_Generation = YES;
				INFOPLIST_KEY_UISupportedInterfaceOrientations_iPad = "UIInterfaceOrientationPortrait UIInterfaceOrientationPortraitUpsideDown UIInterfaceOrientationLandscapeLeft UIInterfaceOrientationLandscapeRight";
				INFOPLIST_KEY_UISupportedInterfaceOrientations_iPhone = "UIInterfaceOrientationPortrait UIInterfaceOrientationLandscapeLeft UIInterfaceOrientationLandscapeRight";
				LD_RUNPATH_SEARCH_PATHS = (
					"$(inherited)",
					"@executable_path/Frameworks",
				);
				MARKETING_VERSION = 1.0;
				PRODUCT_BUNDLE_IDENTIFIER = live.engneric.Orbit;
				PRODUCT_NAME = "$(TARGET_NAME)";
				SWIFT_EMIT_LOC_STRINGS = YES;
				SWIFT_VERSION = 5.0;
				TARGETED_DEVICE_FAMILY = "1,2";
			};
			name = Debug;
		};
		40BFBF3F2C45AA61002C597B /* Release */ = {
			isa = XCBuildConfiguration;
			buildSettings = {
				ASSETCATALOG_COMPILER_APPICON_NAME = AppIcon;
				ASSETCATALOG_COMPILER_GLOBAL_ACCENT_COLOR_NAME = AccentColor;
				CODE_SIGN_STYLE = Automatic;
				CURRENT_PROJECT_VERSION = 1;
				DEVELOPMENT_ASSET_PATHS = "\"Orbit/Preview Content\"";
				ENABLE_PREVIEWS = YES;
				GENERATE_INFOPLIST_FILE = YES;
				INFOPLIST_KEY_UIApplicationSceneManifest_Generation = YES;
				INFOPLIST_KEY_UIApplicationSupportsIndirectInputEvents = YES;
				INFOPLIST_KEY_UILaunchScreen_Generation = YES;
				INFOPLIST_KEY_UISupportedInterfaceOrientations_iPad = "UIInterfaceOrientationPortrait UIInterfaceOrientationPortraitUpsideDown UIInterfaceOrientationLandscapeLeft UIInterfaceOrientationLandscapeRight";
				INFOPLIST_KEY_UISupportedInterfaceOrientations_iPhone = "UIInterfaceOrientationPortrait UIInterfaceOrientationLandscapeLeft UIInterfaceOrientationLandscapeRight";
				LD_RUNPATH_SEARCH_PATHS = (
					"$(inherited)",
					"@executable_path/Frameworks",
				);
				MARKETING_VERSION = 1.0;
				PRODUCT_BUNDLE_IDENTIFIER = live.engneric.Orbit;
				PRODUCT_NAME = "$(TARGET_NAME)";
				SWIFT_EMIT_LOC_STRINGS = YES;
				SWIFT_VERSION = 5.0;
				TARGETED_DEVICE_FAMILY = "1,2";
			};
			name = Release;
		};
		40BFBF412C45AA61002C597B /* Debug */ = {
			isa = XCBuildConfiguration;
			buildSettings = {
				ALWAYS_EMBED_SWIFT_STANDARD_LIBRARIES = YES;
				BUNDLE_LOADER = "$(TEST_HOST)";
				CODE_SIGN_STYLE = Automatic;
				CURRENT_PROJECT_VERSION = 1;
				GENERATE_INFOPLIST_FILE = YES;
				IPHONEOS_DEPLOYMENT_TARGET = 17.5;
				MARKETING_VERSION = 1.0;
				PRODUCT_BUNDLE_IDENTIFIER = live.engneric.OrbitTests;
				PRODUCT_NAME = "$(TARGET_NAME)";
				SWIFT_EMIT_LOC_STRINGS = NO;
				SWIFT_VERSION = 5.0;
				TARGETED_DEVICE_FAMILY = "1,2";
				TEST_HOST = "$(BUILT_PRODUCTS_DIR)/Orbit.app/$(BUNDLE_EXECUTABLE_FOLDER_PATH)/Orbit";
			};
			name = Debug;
		};
		40BFBF422C45AA61002C597B /* Release */ = {
			isa = XCBuildConfiguration;
			buildSettings = {
				ALWAYS_EMBED_SWIFT_STANDARD_LIBRARIES = YES;
				BUNDLE_LOADER = "$(TEST_HOST)";
				CODE_SIGN_STYLE = Automatic;
				CURRENT_PROJECT_VERSION = 1;
				GENERATE_INFOPLIST_FILE = YES;
				IPHONEOS_DEPLOYMENT_TARGET = 17.5;
				MARKETING_VERSION = 1.0;
				PRODUCT_BUNDLE_IDENTIFIER = live.engneric.OrbitTests;
				PRODUCT_NAME = "$(TARGET_NAME)";
				SWIFT_EMIT_LOC_STRINGS = NO;
				SWIFT_VERSION = 5.0;
				TARGETED_DEVICE_FAMILY = "1,2";
				TEST_HOST = "$(BUILT_PRODUCTS_DIR)/Orbit.app/$(BUNDLE_EXECUTABLE_FOLDER_PATH)/Orbit";
			};
			name = Release;
		};
		40BFBF442C45AA61002C597B /* Debug */ = {
			isa = XCBuildConfiguration;
			buildSettings = {
				ALWAYS_EMBED_SWIFT_STANDARD_LIBRARIES = YES;
				CODE_SIGN_STYLE = Automatic;
				CURRENT_PROJECT_VERSION = 1;
				GENERATE_INFOPLIST_FILE = YES;
				MARKETING_VERSION = 1.0;
				PRODUCT_BUNDLE_IDENTIFIER = live.engneric.OrbitUITests;
				PRODUCT_NAME = "$(TARGET_NAME)";
				SWIFT_EMIT_LOC_STRINGS = NO;
				SWIFT_VERSION = 5.0;
				TARGETED_DEVICE_FAMILY = "1,2";
				TEST_TARGET_NAME = Orbit;
			};
			name = Debug;
		};
		40BFBF452C45AA61002C597B /* Release */ = {
			isa = XCBuildConfiguration;
			buildSettings = {
				ALWAYS_EMBED_SWIFT_STANDARD_LIBRARIES = YES;
				CODE_SIGN_STYLE = Automatic;
				CURRENT_PROJECT_VERSION = 1;
				GENERATE_INFOPLIST_FILE = YES;
				MARKETING_VERSION = 1.0;
				PRODUCT_BUNDLE_IDENTIFIER = live.engneric.OrbitUITests;
				PRODUCT_NAME = "$(TARGET_NAME)";
				SWIFT_EMIT_LOC_STRINGS = NO;
				SWIFT_VERSION = 5.0;
				TARGETED_DEVICE_FAMILY = "1,2";
				TEST_TARGET_NAME = Orbit;
			};
			name = Release;
		};
/* End XCBuildConfiguration section */

/* Begin XCConfigurationList section */
		40BFBF122C45AA5E002C597B /* Build configuration list for PBXProject "Orbit" */ = {
			isa = XCConfigurationList;
			buildConfigurations = (
				40BFBF3B2C45AA61002C597B /* Debug */,
				40BFBF3C2C45AA61002C597B /* Release */,
			);
			defaultConfigurationIsVisible = 0;
			defaultConfigurationName = Release;
		};
		40BFBF3D2C45AA61002C597B /* Build configuration list for PBXNativeTarget "Orbit" */ = {
			isa = XCConfigurationList;
			buildConfigurations = (
				40BFBF3E2C45AA61002C597B /* Debug */,
				40BFBF3F2C45AA61002C597B /* Release */,
			);
			defaultConfigurationIsVisible = 0;
			defaultConfigurationName = Release;
		};
		40BFBF402C45AA61002C597B /* Build configuration list for PBXNativeTarget "OrbitTests" */ = {
			isa = XCConfigurationList;
			buildConfigurations = (
				40BFBF412C45AA61002C597B /* Debug */,
				40BFBF422C45AA61002C597B /* Release */,
			);
			defaultConfigurationIsVisible = 0;
			defaultConfigurationName = Release;
		};
		40BFBF432C45AA61002C597B /* Build configuration list for PBXNativeTarget "OrbitUITests" */ = {
			isa = XCConfigurationList;
			buildConfigurations = (
				40BFBF442C45AA61002C597B /* Debug */,
				40BFBF452C45AA61002C597B /* Release */,
			);
			defaultConfigurationIsVisible = 0;
			defaultConfigurationName = Release;
		};
/* End XCConfigurationList section */

/* Begin XCRemoteSwiftPackageReference section */
		40BFBF4A2C45CCD0002C597B /* XCRemoteSwiftPackageReference "firebase-ios-sdk" */ = {
			isa = XCRemoteSwiftPackageReference;
			repositoryURL = "https://github.com/firebase/firebase-ios-sdk.git";
			requirement = {
				kind = upToNextMajorVersion;
				minimumVersion = 10.29.0;
			};
		};
/* End XCRemoteSwiftPackageReference section */
	};
	rootObject = 40BFBF0F2C45AA5E002C597B /* Project object */;
}
